// !$*UTF8*$!
{
	archiveVersion = 1;
	classes = {
	};
	objectVersion = 56;
	objects = {

/* Begin PBXBuildFile section */
		0B80B37129F10A02003066FF /* LyricistApp.swift in Sources */ = {isa = PBXBuildFile; fileRef = 0B80B37029F10A02003066FF /* LyricistApp.swift */; };
		0B80B37329F10A02003066FF /* ContentView.swift in Sources */ = {isa = PBXBuildFile; fileRef = 0B80B37229F10A02003066FF /* ContentView.swift */; };
		0B80B37529F10A04003066FF /* Assets.xcassets in Resources */ = {isa = PBXBuildFile; fileRef = 0B80B37429F10A04003066FF /* Assets.xcassets */; };
		0B80B37829F10A04003066FF /* Preview Assets.xcassets in Resources */ = {isa = PBXBuildFile; fileRef = 0B80B37729F10A04003066FF /* Preview Assets.xcassets */; };
		0B80B38A29F10FE1003066FF /* MelonLyrics in Frameworks */ = {isa = PBXBuildFile; productRef = 0B80B38929F10FE1003066FF /* MelonLyrics */; };
		0B80B38C29F116F7003066FF /* LyricsView.swift in Sources */ = {isa = PBXBuildFile; fileRef = 0B80B38B29F116F7003066FF /* LyricsView.swift */; };
/* End PBXBuildFile section */

/* Begin PBXFileReference section */
		0B80B36D29F10A02003066FF /* Lyricist.app */ = {isa = PBXFileReference; explicitFileType = wrapper.application; includeInIndex = 0; path = Lyricist.app; sourceTree = BUILT_PRODUCTS_DIR; };
		0B80B37029F10A02003066FF /* LyricistApp.swift */ = {isa = PBXFileReference; lastKnownFileType = sourcecode.swift; path = LyricistApp.swift; sourceTree = "<group>"; };
		0B80B37229F10A02003066FF /* ContentView.swift */ = {isa = PBXFileReference; lastKnownFileType = sourcecode.swift; path = ContentView.swift; sourceTree = "<group>"; };
		0B80B37429F10A04003066FF /* Assets.xcassets */ = {isa = PBXFileReference; lastKnownFileType = folder.assetcatalog; path = Assets.xcassets; sourceTree = "<group>"; };
		0B80B37729F10A04003066FF /* Preview Assets.xcassets */ = {isa = PBXFileReference; lastKnownFileType = folder.assetcatalog; path = "Preview Assets.xcassets"; sourceTree = "<group>"; };
		0B80B37929F10A04003066FF /* Lyricist.entitlements */ = {isa = PBXFileReference; lastKnownFileType = text.plist.entitlements; path = Lyricist.entitlements; sourceTree = "<group>"; };
		0B80B38429F10C4D003066FF /* MelonLyrics */ = {isa = PBXFileReference; lastKnownFileType = wrapper; name = MelonLyrics; path = ../MelonLyrics; sourceTree = "<group>"; };
		0B80B38B29F116F7003066FF /* LyricsView.swift */ = {isa = PBXFileReference; lastKnownFileType = sourcecode.swift; path = LyricsView.swift; sourceTree = "<group>"; };
		0BCABC4529F62ACF00D4BB88 /* Info.plist */ = {isa = PBXFileReference; lastKnownFileType = text.plist; path = Info.plist; sourceTree = "<group>"; };
/* End PBXFileReference section */

/* Begin PBXFrameworksBuildPhase section */
		0B80B36A29F10A02003066FF /* Frameworks */ = {
			isa = PBXFrameworksBuildPhase;
			buildActionMask = 2147483647;
			files = (
				0B80B38A29F10FE1003066FF /* MelonLyrics in Frameworks */,
			);
			runOnlyForDeploymentPostprocessing = 0;
		};
/* End PBXFrameworksBuildPhase section */

/* Begin PBXGroup section */
		0B80B36429F10A02003066FF = {
			isa = PBXGroup;
			children = (
				0B80B38129F10AF8003066FF /* Packages */,
				0B80B36F29F10A02003066FF /* Lyricist */,
				0B80B36E29F10A02003066FF /* Products */,
				0B80B38829F10FE1003066FF /* Frameworks */,
			);
			sourceTree = "<group>";
		};
		0B80B36E29F10A02003066FF /* Products */ = {
			isa = PBXGroup;
			children = (
				0B80B36D29F10A02003066FF /* Lyricist.app */,
			);
			name = Products;
			sourceTree = "<group>";
		};
		0B80B36F29F10A02003066FF /* Lyricist */ = {
			isa = PBXGroup;
			children = (
				0BCABC4529F62ACF00D4BB88 /* Info.plist */,
				0B80B37029F10A02003066FF /* LyricistApp.swift */,
				0B80B37229F10A02003066FF /* ContentView.swift */,
				0B80B37429F10A04003066FF /* Assets.xcassets */,
				0B80B37929F10A04003066FF /* Lyricist.entitlements */,
				0B80B38B29F116F7003066FF /* LyricsView.swift */,
				0B80B37629F10A04003066FF /* Preview Content */,
			);
			path = Lyricist;
			sourceTree = "<group>";
		};
		0B80B37629F10A04003066FF /* Preview Content */ = {
			isa = PBXGroup;
			children = (
				0B80B37729F10A04003066FF /* Preview Assets.xcassets */,
			);
			path = "Preview Content";
			sourceTree = "<group>";
		};
		0B80B38129F10AF8003066FF /* Packages */ = {
			isa = PBXGroup;
			children = (
				0B80B38429F10C4D003066FF /* MelonLyrics */,
			);
			name = Packages;
			sourceTree = "<group>";
		};
		0B80B38829F10FE1003066FF /* Frameworks */ = {
			isa = PBXGroup;
			children = (
			);
			name = Frameworks;
			sourceTree = "<group>";
		};
/* End PBXGroup section */

/* Begin PBXNativeTarget section */
		0B80B36C29F10A02003066FF /* Lyricist */ = {
			isa = PBXNativeTarget;
			buildConfigurationList = 0B80B37C29F10A04003066FF /* Build configuration list for PBXNativeTarget "Lyricist" */;
			buildPhases = (
				0B80B36929F10A02003066FF /* Sources */,
				0B80B36A29F10A02003066FF /* Frameworks */,
				0B80B36B29F10A02003066FF /* Resources */,
			);
			buildRules = (
			);
			dependencies = (
			);
			name = Lyricist;
			packageProductDependencies = (
				0B80B38929F10FE1003066FF /* MelonLyrics */,
			);
			productName = Lyricist;
			productReference = 0B80B36D29F10A02003066FF /* Lyricist.app */;
			productType = "com.apple.product-type.application";
		};
/* End PBXNativeTarget section */

/* Begin PBXProject section */
		0B80B36529F10A02003066FF /* Project object */ = {
			isa = PBXProject;
			attributes = {
				BuildIndependentTargetsInParallel = 1;
				LastSwiftUpdateCheck = 1430;
				LastUpgradeCheck = 1430;
				TargetAttributes = {
					0B80B36C29F10A02003066FF = {
						CreatedOnToolsVersion = 14.3;
					};
				};
			};
			buildConfigurationList = 0B80B36829F10A02003066FF /* Build configuration list for PBXProject "Lyricist" */;
			compatibilityVersion = "Xcode 14.0";
			developmentRegion = en;
			hasScannedForEncodings = 0;
			knownRegions = (
				en,
				Base,
			);
			mainGroup = 0B80B36429F10A02003066FF;
			productRefGroup = 0B80B36E29F10A02003066FF /* Products */;
			projectDirPath = "";
			projectRoot = "";
			targets = (
				0B80B36C29F10A02003066FF /* Lyricist */,
			);
		};
/* End PBXProject section */

/* Begin PBXResourcesBuildPhase section */
		0B80B36B29F10A02003066FF /* Resources */ = {
			isa = PBXResourcesBuildPhase;
			buildActionMask = 2147483647;
			files = (
				0B80B37829F10A04003066FF /* Preview Assets.xcassets in Resources */,
				0B80B37529F10A04003066FF /* Assets.xcassets in Resources */,
			);
			runOnlyForDeploymentPostprocessing = 0;
		};
/* End PBXResourcesBuildPhase section */

/* Begin PBXSourcesBuildPhase section */
		0B80B36929F10A02003066FF /* Sources */ = {
			isa = PBXSourcesBuildPhase;
			buildActionMask = 2147483647;
			files = (
				0B80B37329F10A02003066FF /* ContentView.swift in Sources */,
				0B80B38C29F116F7003066FF /* LyricsView.swift in Sources */,
				0B80B37129F10A02003066FF /* LyricistApp.swift in Sources */,
			);
			runOnlyForDeploymentPostprocessing = 0;
		};
/* End PBXSourcesBuildPhase section */

/* Begin XCBuildConfiguration section */
		0B80B37A29F10A04003066FF /* Debug */ = {
			isa = XCBuildConfiguration;
			buildSettings = {
				ALWAYS_SEARCH_USER_PATHS = NO;
				CLANG_ANALYZER_NONNULL = YES;
				CLANG_ANALYZER_NUMBER_OBJECT_CONVERSION = YES_AGGRESSIVE;
				CLANG_CXX_LANGUAGE_STANDARD = "gnu++20";
				CLANG_ENABLE_MODULES = YES;
				CLANG_ENABLE_OBJC_ARC = YES;
				CLANG_ENABLE_OBJC_WEAK = YES;
				CLANG_WARN_BLOCK_CAPTURE_AUTORELEASING = YES;
				CLANG_WARN_BOOL_CONVERSION = YES;
				CLANG_WARN_COMMA = YES;
				CLANG_WARN_CONSTANT_CONVERSION = YES;
				CLANG_WARN_DEPRECATED_OBJC_IMPLEMENTATIONS = YES;
				CLANG_WARN_DIRECT_OBJC_ISA_USAGE = YES_ERROR;
				CLANG_WARN_DOCUMENTATION_COMMENTS = YES;
				CLANG_WARN_EMPTY_BODY = YES;
				CLANG_WARN_ENUM_CONVERSION = YES;
				CLANG_WARN_INFINITE_RECURSION = YES;
				CLANG_WARN_INT_CONVERSION = YES;
				CLANG_WARN_NON_LITERAL_NULL_CONVERSION = YES;
				CLANG_WARN_OBJC_IMPLICIT_RETAIN_SELF = YES;
				CLANG_WARN_OBJC_LITERAL_CONVERSION = YES;
				CLANG_WARN_OBJC_ROOT_CLASS = YES_ERROR;
				CLANG_WARN_QUOTED_INCLUDE_IN_FRAMEWORK_HEADER = YES;
				CLANG_WARN_RANGE_LOOP_ANALYSIS = YES;
				CLANG_WARN_STRICT_PROTOTYPES = YES;
				CLANG_WARN_SUSPICIOUS_MOVE = YES;
				CLANG_WARN_UNGUARDED_AVAILABILITY = YES_AGGRESSIVE;
				CLANG_WARN_UNREACHABLE_CODE = YES;
				CLANG_WARN__DUPLICATE_METHOD_MATCH = YES;
				COPY_PHASE_STRIP = NO;
				DEBUG_INFORMATION_FORMAT = dwarf;
				ENABLE_STRICT_OBJC_MSGSEND = YES;
				ENABLE_TESTABILITY = YES;
				GCC_C_LANGUAGE_STANDARD = gnu11;
				GCC_DYNAMIC_NO_PIC = NO;
				GCC_NO_COMMON_BLOCKS = YES;
				GCC_OPTIMIZATION_LEVEL = 0;
				GCC_PREPROCESSOR_DEFINITIONS = (
					"DEBUG=1",
					"$(inherited)",
				);
				GCC_WARN_64_TO_32_BIT_CONVERSION = YES;
				GCC_WARN_ABOUT_RETURN_TYPE = YES_ERROR;
				GCC_WARN_UNDECLARED_SELECTOR = YES;
				GCC_WARN_UNINITIALIZED_AUTOS = YES_AGGRESSIVE;
				GCC_WARN_UNUSED_FUNCTION = YES;
				GCC_WARN_UNUSED_VARIABLE = YES;
				MACOSX_DEPLOYMENT_TARGET = 13.3;
				MTL_ENABLE_DEBUG_INFO = INCLUDE_SOURCE;
				MTL_FAST_MATH = YES;
				ONLY_ACTIVE_ARCH = YES;
				SDKROOT = macosx;
				SWIFT_ACTIVE_COMPILATION_CONDITIONS = DEBUG;
				SWIFT_OPTIMIZATION_LEVEL = "-Onone";
			};
			name = Debug;
		};
		0B80B37B29F10A04003066FF /* Release */ = {
			isa = XCBuildConfiguration;
			buildSettings = {
				ALWAYS_SEARCH_USER_PATHS = NO;
				CLANG_ANALYZER_NONNULL = YES;
				CLANG_ANALYZER_NUMBER_OBJECT_CONVERSION = YES_AGGRESSIVE;
				CLANG_CXX_LANGUAGE_STANDARD = "gnu++20";
				CLANG_ENABLE_MODULES = YES;
				CLANG_ENABLE_OBJC_ARC = YES;
				CLANG_ENABLE_OBJC_WEAK = YES;
				CLANG_WARN_BLOCK_CAPTURE_AUTORELEASING = YES;
				CLANG_WARN_BOOL_CONVERSION = YES;
				CLANG_WARN_COMMA = YES;
				CLANG_WARN_CONSTANT_CONVERSION = YES;
				CLANG_WARN_DEPRECATED_OBJC_IMPLEMENTATIONS = YES;
				CLANG_WARN_DIRECT_OBJC_ISA_USAGE = YES_ERROR;
				CLANG_WARN_DOCUMENTATION_COMMENTS = YES;
				CLANG_WARN_EMPTY_BODY = YES;
				CLANG_WARN_ENUM_CONVERSION = YES;
				CLANG_WARN_INFINITE_RECURSION = YES;
				CLANG_WARN_INT_CONVERSION = YES;
				CLANG_WARN_NON_LITERAL_NULL_CONVERSION = YES;
				CLANG_WARN_OBJC_IMPLICIT_RETAIN_SELF = YES;
				CLANG_WARN_OBJC_LITERAL_CONVERSION = YES;
				CLANG_WARN_OBJC_ROOT_CLASS = YES_ERROR;
				CLANG_WARN_QUOTED_INCLUDE_IN_FRAMEWORK_HEADER = YES;
				CLANG_WARN_RANGE_LOOP_ANALYSIS = YES;
				CLANG_WARN_STRICT_PROTOTYPES = YES;
				CLANG_WARN_SUSPICIOUS_MOVE = YES;
				CLANG_WARN_UNGUARDED_AVAILABILITY = YES_AGGRESSIVE;
				CLANG_WARN_UNREACHABLE_CODE = YES;
				CLANG_WARN__DUPLICATE_METHOD_MATCH = YES;
				COPY_PHASE_STRIP = NO;
				DEBUG_INFORMATION_FORMAT = "dwarf-with-dsym";
				ENABLE_NS_ASSERTIONS = NO;
				ENABLE_STRICT_OBJC_MSGSEND = YES;
				GCC_C_LANGUAGE_STANDARD = gnu11;
				GCC_NO_COMMON_BLOCKS = YES;
				GCC_WARN_64_TO_32_BIT_CONVERSION = YES;
				GCC_WARN_ABOUT_RETURN_TYPE = YES_ERROR;
				GCC_WARN_UNDECLARED_SELECTOR = YES;
				GCC_WARN_UNINITIALIZED_AUTOS = YES_AGGRESSIVE;
				GCC_WARN_UNUSED_FUNCTION = YES;
				GCC_WARN_UNUSED_VARIABLE = YES;
				MACOSX_DEPLOYMENT_TARGET = 13.3;
				MTL_ENABLE_DEBUG_INFO = NO;
				MTL_FAST_MATH = YES;
				SDKROOT = macosx;
				SWIFT_COMPILATION_MODE = wholemodule;
				SWIFT_OPTIMIZATION_LEVEL = "-O";
			};
			name = Release;
		};
		0B80B37D29F10A04003066FF /* Debug */ = {
			isa = XCBuildConfiguration;
			buildSettings = {
				ASSETCATALOG_COMPILER_APPICON_NAME = AppIcon;
				ASSETCATALOG_COMPILER_GLOBAL_ACCENT_COLOR_NAME = AccentColor;
				CODE_SIGN_ENTITLEMENTS = Lyricist/Lyricist.entitlements;
				CODE_SIGN_STYLE = Automatic;
				COMBINE_HIDPI_IMAGES = YES;
				CURRENT_PROJECT_VERSION = 1;
				DEVELOPMENT_ASSET_PATHS = "\"Lyricist/Preview Content\"";
				DEVELOPMENT_TEAM = LVBMDY357W;
				ENABLE_APP_SANDBOX = NO;
				ENABLE_HARDENED_RUNTIME = YES;
				ENABLE_PREVIEWS = YES;
				GENERATE_INFOPLIST_FILE = YES;
				INFOPLIST_FILE = Lyricist/Info.plist;
				INFOPLIST_KEY_LSUIElement = YES;
				INFOPLIST_KEY_NSHumanReadableCopyright = "";
				LD_RUNPATH_SEARCH_PATHS = (
					"$(inherited)",
					"@executable_path/../Frameworks",
				);
				MARKETING_VERSION = 1.0;
				PRODUCT_BUNDLE_IDENTIFIER = com.personal.KKodiac.Lyricist;
				PRODUCT_NAME = "$(TARGET_NAME)";
				SWIFT_EMIT_LOC_STRINGS = YES;
				SWIFT_VERSION = 5.0;
			};
			name = Debug;
		};
		0B80B37E29F10A04003066FF /* Release */ = {
			isa = XCBuildConfiguration;
			buildSettings = {
				ASSETCATALOG_COMPILER_APPICON_NAME = AppIcon;
				ASSETCATALOG_COMPILER_GLOBAL_ACCENT_COLOR_NAME = AccentColor;
				CODE_SIGN_ENTITLEMENTS = Lyricist/Lyricist.entitlements;
				CODE_SIGN_STYLE = Automatic;
				COMBINE_HIDPI_IMAGES = YES;
				CURRENT_PROJECT_VERSION = 1;
				DEVELOPMENT_ASSET_PATHS = "\"Lyricist/Preview Content\"";
				DEVELOPMENT_TEAM = LVBMDY357W;
				ENABLE_APP_SANDBOX = NO;
				ENABLE_HARDENED_RUNTIME = YES;
				ENABLE_PREVIEWS = YES;
				GENERATE_INFOPLIST_FILE = YES;
				INFOPLIST_FILE = Lyricist/Info.plist;
				INFOPLIST_KEY_LSUIElement = YES;
				INFOPLIST_KEY_NSHumanReadableCopyright = "";
				LD_RUNPATH_SEARCH_PATHS = (
					"$(inherited)",
					"@executable_path/../Frameworks",
				);
				MARKETING_VERSION = 1.0;
				PRODUCT_BUNDLE_IDENTIFIER = com.personal.KKodiac.Lyricist;
				PRODUCT_NAME = "$(TARGET_NAME)";
				SWIFT_EMIT_LOC_STRINGS = YES;
				SWIFT_VERSION = 5.0;
			};
			name = Release;
		};
/* End XCBuildConfiguration section */

/* Begin XCConfigurationList section */
		0B80B36829F10A02003066FF /* Build configuration list for PBXProject "Lyricist" */ = {
			isa = XCConfigurationList;
			buildConfigurations = (
				0B80B37A29F10A04003066FF /* Debug */,
				0B80B37B29F10A04003066FF /* Release */,
			);
			defaultConfigurationIsVisible = 0;
			defaultConfigurationName = Release;
		};
		0B80B37C29F10A04003066FF /* Build configuration list for PBXNativeTarget "Lyricist" */ = {
			isa = XCConfigurationList;
			buildConfigurations = (
				0B80B37D29F10A04003066FF /* Debug */,
				0B80B37E29F10A04003066FF /* Release */,
			);
			defaultConfigurationIsVisible = 0;
			defaultConfigurationName = Release;
		};
/* End XCConfigurationList section */

/* Begin XCSwiftPackageProductDependency section */
		0B80B38929F10FE1003066FF /* MelonLyrics */ = {
			isa = XCSwiftPackageProductDependency;
			productName = MelonLyrics;
		};
/* End XCSwiftPackageProductDependency section */
	};
	rootObject = 0B80B36529F10A02003066FF /* Project object */;
}
